
Microsoft Visual Studio Solution File, Format Version 12.00
# Visual Studio Version 17
VisualStudioVersion = 17.3.32611.2
MinimumVisualStudioVersion = 10.0.40219.1
Project("{9A19103F-16F7-4668-BE54-9A1E7A4F7556}") = "JwtAuthentication.Server", "WebApi\JwtAuthentication.Server.csproj", "{DACA8D95-E225-4988-8FFE-3B85B5F89876}"
EndProject
Project("{FAE04EC0-301F-11D3-BF4B-00C04F79EFBC}") = "JwtAuthentication.Client", "JwtAuthentication.Client\JwtAuthentication.Client.csproj", "{FD2CA88E-1708-4FD8-B091-5ACC19ADA967}"
EndProject
Project("{FAE04EC0-301F-11D3-BF4B-00C04F79EFBC}") = "JwtAuthentication.Shared", "JwtAuthentication.Shared\JwtAuthentication.Shared.csproj", "{9EB68D65-C57F-4B95-B656-A53B95741D4E}"
EndProject
Global
	GlobalSection(SolutionConfigurationPlatforms) = preSolution
		Debug|Any CPU = Debug|Any CPU
		Release|Any CPU = Release|Any CPU
	EndGlobalSection
	GlobalSection(ProjectConfigurationPlatforms) = postSolution
		{DACA8D95-E225-4988-8FFE-3B85B5F89876}.Debug|Any CPU.ActiveCfg = Debug|Any CPU
		{DACA8D95-E225-4988-8FFE-3B85B5F89876}.Debug|Any CPU.Build.0 = Debug|Any CPU
		{DACA8D95-E225-4988-8FFE-3B85B5F89876}.Release|Any CPU.ActiveCfg = Release|Any CPU
		{DACA8D95-E225-4988-8FFE-3B85B5F89876}.Release|Any CPU.Build.0 = Release|Any CPU
		{FD2CA88E-1708-4FD8-B091-5ACC19ADA967}.Debug|Any CPU.ActiveCfg = Debug|Any CPU
		{FD2CA88E-1708-4FD8-B091-5ACC19ADA967}.Debug|Any CPU.Build.0 = Debug|Any CPU
		{FD2CA88E-1708-4FD8-B091-5ACC19ADA967}.Release|Any CPU.ActiveCfg = Release|Any CPU
		{FD2CA88E-1708-4FD8-B091-5ACC19ADA967}.Release|Any CPU.Build.0 = Release|Any CPU
		{9EB68D65-C57F-4B95-B656-A53B95741D4E}.Debug|Any CPU.ActiveCfg = Debug|Any CPU
		{9EB68D65-C57F-4B95-B656-A53B95741D4E}.Debug|Any CPU.Build.0 = Debug|Any CPU
		{9EB68D65-C57F-4B95-B656-A53B95741D4E}.Release|Any CPU.ActiveCfg = Release|Any CPU
		{9EB68D65-C57F-4B95-B656-A53B95741D4E}.Release|Any CPU.Build.0 = Release|Any CPU
	EndGlobalSection
	GlobalSection(SolutionProperties) = preSolution
		HideSolutionNode = FALSE
	EndGlobalSection
	GlobalSection(ExtensibilityGlobals) = postSolution
		SolutionGuid = {EFB912BC-8B7B-461B-B73B-4584651FFBEF}
	EndGlobalSection
EndGlobal
